// !$*UTF8*$!
{
	archiveVersion = 1;
	classes = {
	};
	objectVersion = 55;
	objects = {

/* Begin PBXBuildFile section */
		0813B7D427703CB900C3B558 /* AdblockApp.swift in Sources */ = {isa = PBXBuildFile; fileRef = 0813B7D327703CB900C3B558 /* AdblockApp.swift */; };
		0813B7D627703CB900C3B558 /* ContentView.swift in Sources */ = {isa = PBXBuildFile; fileRef = 0813B7D527703CB900C3B558 /* ContentView.swift */; };
		0813B7D827703CBC00C3B558 /* Assets.xcassets in Resources */ = {isa = PBXBuildFile; fileRef = 0813B7D727703CBC00C3B558 /* Assets.xcassets */; };
		0813B7DB27703CBC00C3B558 /* Preview Assets.xcassets in Resources */ = {isa = PBXBuildFile; fileRef = 0813B7DA27703CBC00C3B558 /* Preview Assets.xcassets */; };
		0813B7E827703D1900C3B558 /* NetworkExtension.framework in Frameworks */ = {isa = PBXBuildFile; fileRef = 0813B7E727703D1800C3B558 /* NetworkExtension.framework */; };
		0813B7EB27703D1900C3B558 /* PacketTunnelProvider.swift in Sources */ = {isa = PBXBuildFile; fileRef = 0813B7EA27703D1900C3B558 /* PacketTunnelProvider.swift */; };
		0813B7F027703D1900C3B558 /* DNSExtension.appex in Embed App Extensions */ = {isa = PBXBuildFile; fileRef = 0813B7E527703D1800C3B558 /* DNSExtension.appex */; settings = {ATTRIBUTES = (RemoveHeadersOnCopy, ); }; };
/* End PBXBuildFile section */

/* Begin PBXContainerItemProxy section */
		0813B7EE27703D1900C3B558 /* PBXContainerItemProxy */ = {
			isa = PBXContainerItemProxy;
			containerPortal = 0813B7C827703CB900C3B558 /* Project object */;
			proxyType = 1;
			remoteGlobalIDString = 0813B7E427703D1800C3B558;
			remoteInfo = DNSExtension;
		};
/* End PBXContainerItemProxy section */

/* Begin PBXCopyFilesBuildPhase section */
		0813B7F427703D1900C3B558 /* Embed App Extensions */ = {
			isa = PBXCopyFilesBuildPhase;
			buildActionMask = 2147483647;
			dstPath = "";
			dstSubfolderSpec = 13;
			files = (
				0813B7F027703D1900C3B558 /* DNSExtension.appex in Embed App Extensions */,
			);
			name = "Embed App Extensions";
			runOnlyForDeploymentPostprocessing = 0;
		};
/* End PBXCopyFilesBuildPhase section */

/* Begin PBXFileReference section */
		0813B7D027703CB900C3B558 /* Adblock.app */ = {isa = PBXFileReference; explicitFileType = wrapper.application; includeInIndex = 0; path = Adblock.app; sourceTree = BUILT_PRODUCTS_DIR; };
		0813B7D327703CB900C3B558 /* AdblockApp.swift */ = {isa = PBXFileReference; lastKnownFileType = sourcecode.swift; path = AdblockApp.swift; sourceTree = "<group>"; };
		0813B7D527703CB900C3B558 /* ContentView.swift */ = {isa = PBXFileReference; lastKnownFileType = sourcecode.swift; path = ContentView.swift; sourceTree = "<group>"; };
		0813B7D727703CBC00C3B558 /* Assets.xcassets */ = {isa = PBXFileReference; lastKnownFileType = folder.assetcatalog; path = Assets.xcassets; sourceTree = "<group>"; };
		0813B7DA27703CBC00C3B558 /* Preview Assets.xcassets */ = {isa = PBXFileReference; lastKnownFileType = folder.assetcatalog; path = "Preview Assets.xcassets"; sourceTree = "<group>"; };
		0813B7E527703D1800C3B558 /* DNSExtension.appex */ = {isa = PBXFileReference; explicitFileType = "wrapper.app-extension"; includeInIndex = 0; path = DNSExtension.appex; sourceTree = BUILT_PRODUCTS_DIR; };
		0813B7E727703D1800C3B558 /* NetworkExtension.framework */ = {isa = PBXFileReference; lastKnownFileType = wrapper.framework; name = NetworkExtension.framework; path = System/Library/Frameworks/NetworkExtension.framework; sourceTree = SDKROOT; };
		0813B7EA27703D1900C3B558 /* PacketTunnelProvider.swift */ = {isa = PBXFileReference; lastKnownFileType = sourcecode.swift; path = PacketTunnelProvider.swift; sourceTree = "<group>"; };
		0813B7EC27703D1900C3B558 /* Info.plist */ = {isa = PBXFileReference; lastKnownFileType = text.plist.xml; path = Info.plist; sourceTree = "<group>"; };
		0813B7ED27703D1900C3B558 /* DNSExtension.entitlements */ = {isa = PBXFileReference; lastKnownFileType = text.plist.entitlements; path = DNSExtension.entitlements; sourceTree = "<group>"; };
/* End PBXFileReference section */

/* Begin PBXFrameworksBuildPhase section */
		0813B7CD27703CB900C3B558 /* Frameworks */ = {
			isa = PBXFrameworksBuildPhase;
			buildActionMask = 2147483647;
			files = (
			);
			runOnlyForDeploymentPostprocessing = 0;
		};
		0813B7E227703D1800C3B558 /* Frameworks */ = {
			isa = PBXFrameworksBuildPhase;
			buildActionMask = 2147483647;
			files = (
				0813B7E827703D1900C3B558 /* NetworkExtension.framework in Frameworks */,
			);
			runOnlyForDeploymentPostprocessing = 0;
		};
/* End PBXFrameworksBuildPhase section */

/* Begin PBXGroup section */
		0813B7C727703CB900C3B558 = {
			isa = PBXGroup;
			children = (
				0813B7D227703CB900C3B558 /* Adblock */,
				0813B7E927703D1900C3B558 /* DNSExtension */,
				0813B7E627703D1800C3B558 /* Frameworks */,
				0813B7D127703CB900C3B558 /* Products */,
			);
			sourceTree = "<group>";
		};
		0813B7D127703CB900C3B558 /* Products */ = {
			isa = PBXGroup;
			children = (
				0813B7D027703CB900C3B558 /* Adblock.app */,
				0813B7E527703D1800C3B558 /* DNSExtension.appex */,
			);
			name = Products;
			sourceTree = "<group>";
		};
		0813B7D227703CB900C3B558 /* Adblock */ = {
			isa = PBXGroup;
			children = (
				0813B7D327703CB900C3B558 /* AdblockApp.swift */,
				0813B7D527703CB900C3B558 /* ContentView.swift */,
				0813B7D727703CBC00C3B558 /* Assets.xcassets */,
				0813B7D927703CBC00C3B558 /* Preview Content */,
			);
			path = Adblock;
			sourceTree = "<group>";
		};
		0813B7D927703CBC00C3B558 /* Preview Content */ = {
			isa = PBXGroup;
			children = (
				0813B7DA27703CBC00C3B558 /* Preview Assets.xcassets */,
			);
			path = "Preview Content";
			sourceTree = "<group>";
		};
		0813B7E627703D1800C3B558 /* Frameworks */ = {
			isa = PBXGroup;
			children = (
				0813B7E727703D1800C3B558 /* NetworkExtension.framework */,
			);
			name = Frameworks;
			sourceTree = "<group>";
		};
		0813B7E927703D1900C3B558 /* DNSExtension */ = {
			isa = PBXGroup;
			children = (
				0813B7EA27703D1900C3B558 /* PacketTunnelProvider.swift */,
				0813B7EC27703D1900C3B558 /* Info.plist */,
				0813B7ED27703D1900C3B558 /* DNSExtension.entitlements */,
			);
			path = DNSExtension;
			sourceTree = "<group>";
		};
/* End PBXGroup section */

/* Begin PBXNativeTarget section */
		0813B7CF27703CB900C3B558 /* Adblock */ = {
			isa = PBXNativeTarget;
			buildConfigurationList = 0813B7DE27703CBC00C3B558 /* Build configuration list for PBXNativeTarget "Adblock" */;
			buildPhases = (
				0813B7CC27703CB900C3B558 /* Sources */,
				0813B7CD27703CB900C3B558 /* Frameworks */,
				0813B7CE27703CB900C3B558 /* Resources */,
				0813B7F427703D1900C3B558 /* Embed App Extensions */,
			);
			buildRules = (
			);
			dependencies = (
				0813B7EF27703D1900C3B558 /* PBXTargetDependency */,
			);
			name = Adblock;
			productName = Adblock;
			productReference = 0813B7D027703CB900C3B558 /* Adblock.app */;
			productType = "com.apple.product-type.application";
		};
		0813B7E427703D1800C3B558 /* DNSExtension */ = {
			isa = PBXNativeTarget;
			buildConfigurationList = 0813B7F127703D1900C3B558 /* Build configuration list for PBXNativeTarget "DNSExtension" */;
			buildPhases = (
				0813B7E127703D1800C3B558 /* Sources */,
				0813B7E227703D1800C3B558 /* Frameworks */,
				0813B7E327703D1800C3B558 /* Resources */,
			);
			buildRules = (
			);
			dependencies = (
			);
			name = DNSExtension;
			productName = DNSExtension;
			productReference = 0813B7E527703D1800C3B558 /* DNSExtension.appex */;
			productType = "com.apple.product-type.app-extension";
		};
/* End PBXNativeTarget section */

/* Begin PBXProject section */
		0813B7C827703CB900C3B558 /* Project object */ = {
			isa = PBXProject;
			attributes = {
				BuildIndependentTargetsInParallel = 1;
				LastSwiftUpdateCheck = 1320;
				LastUpgradeCheck = 1320;
				TargetAttributes = {
					0813B7CF27703CB900C3B558 = {
						CreatedOnToolsVersion = 13.2.1;
					};
					0813B7E427703D1800C3B558 = {
						CreatedOnToolsVersion = 13.2.1;
					};
				};
			};
			buildConfigurationList = 0813B7CB27703CB900C3B558 /* Build configuration list for PBXProject "Adblock" */;
			compatibilityVersion = "Xcode 13.0";
			developmentRegion = en;
			hasScannedForEncodings = 0;
			knownRegions = (
				en,
				Base,
			);
			mainGroup = 0813B7C727703CB900C3B558;
			productRefGroup = 0813B7D127703CB900C3B558 /* Products */;
			projectDirPath = "";
			projectRoot = "";
			targets = (
				0813B7CF27703CB900C3B558 /* Adblock */,
				0813B7E427703D1800C3B558 /* DNSExtension */,
			);
		};
/* End PBXProject section */

/* Begin PBXResourcesBuildPhase section */
		0813B7CE27703CB900C3B558 /* Resources */ = {
			isa = PBXResourcesBuildPhase;
			buildActionMask = 2147483647;
			files = (
				0813B7DB27703CBC00C3B558 /* Preview Assets.xcassets in Resources */,
				0813B7D827703CBC00C3B558 /* Assets.xcassets in Resources */,
			);
			runOnlyForDeploymentPostprocessing = 0;
		};
		0813B7E327703D1800C3B558 /* Resources */ = {
			isa = PBXResourcesBuildPhase;
			buildActionMask = 2147483647;
			files = (
			);
			runOnlyForDeploymentPostprocessing = 0;
		};
/* End PBXResourcesBuildPhase section */

/* Begin PBXSourcesBuildPhase section */
		0813B7CC27703CB900C3B558 /* Sources */ = {
			isa = PBXSourcesBuildPhase;
			buildActionMask = 2147483647;
			files = (
				0813B7D627703CB900C3B558 /* ContentView.swift in Sources */,
				0813B7D427703CB900C3B558 /* AdblockApp.swift in Sources */,
			);
			runOnlyForDeploymentPostprocessing = 0;
		};
		0813B7E127703D1800C3B558 /* Sources */ = {
			isa = PBXSourcesBuildPhase;
			buildActionMask = 2147483647;
			files = (
				0813B7EB27703D1900C3B558 /* PacketTunnelProvider.swift in Sources */,
			);
			runOnlyForDeploymentPostprocessing = 0;
		};
/* End PBXSourcesBuildPhase section */

/* Begin PBXTargetDependency section */
		0813B7EF27703D1900C3B558 /* PBXTargetDependency */ = {
			isa = PBXTargetDependency;
			target = 0813B7E427703D1800C3B558 /* DNSExtension */;
			targetProxy = 0813B7EE27703D1900C3B558 /* PBXContainerItemProxy */;
		};
/* End PBXTargetDependency section */

/* Begin XCBuildConfiguration section */
		0813B7DC27703CBC00C3B558 /* Debug */ = {
			isa = XCBuildConfiguration;
			buildSettings = {
				ALWAYS_SEARCH_USER_PATHS = NO;
				CLANG_ANALYZER_NONNULL = YES;
				CLANG_ANALYZER_NUMBER_OBJECT_CONVERSION = YES_AGGRESSIVE;
				CLANG_CXX_LANGUAGE_STANDARD = "gnu++17";
				CLANG_CXX_LIBRARY = "libc++";
				CLANG_ENABLE_MODULES = YES;
				CLANG_ENABLE_OBJC_ARC = YES;
				CLANG_ENABLE_OBJC_WEAK = YES;
				CLANG_WARN_BLOCK_CAPTURE_AUTORELEASING = YES;
				CLANG_WARN_BOOL_CONVERSION = YES;
				CLANG_WARN_COMMA = YES;
				CLANG_WARN_CONSTANT_CONVERSION = YES;
				CLANG_WARN_DEPRECATED_OBJC_IMPLEMENTATIONS = YES;
				CLANG_WARN_DIRECT_OBJC_ISA_USAGE = YES_ERROR;
				CLANG_WARN_DOCUMENTATION_COMMENTS = YES;
				CLANG_WARN_EMPTY_BODY = YES;
				CLANG_WARN_ENUM_CONVERSION = YES;
				CLANG_WARN_INFINITE_RECURSION = YES;
				CLANG_WARN_INT_CONVERSION = YES;
				CLANG_WARN_NON_LITERAL_NULL_CONVERSION = YES;
				CLANG_WARN_OBJC_IMPLICIT_RETAIN_SELF = YES;
				CLANG_WARN_OBJC_LITERAL_CONVERSION = YES;
				CLANG_WARN_OBJC_ROOT_CLASS = YES_ERROR;
				CLANG_WARN_QUOTED_INCLUDE_IN_FRAMEWORK_HEADER = YES;
				CLANG_WARN_RANGE_LOOP_ANALYSIS = YES;
				CLANG_WARN_STRICT_PROTOTYPES = YES;
				CLANG_WARN_SUSPICIOUS_MOVE = YES;
				CLANG_WARN_UNGUARDED_AVAILABILITY = YES_AGGRESSIVE;
				CLANG_WARN_UNREACHABLE_CODE = YES;
				CLANG_WARN__DUPLICATE_METHOD_MATCH = YES;
				COPY_PHASE_STRIP = NO;
				DEBUG_INFORMATION_FORMAT = dwarf;
				ENABLE_STRICT_OBJC_MSGSEND = YES;
				ENABLE_TESTABILITY = YES;
				GCC_C_LANGUAGE_STANDARD = gnu11;
				GCC_DYNAMIC_NO_PIC = NO;
				GCC_NO_COMMON_BLOCKS = YES;
				GCC_OPTIMIZATION_LEVEL = 0;
				GCC_PREPROCESSOR_DEFINITIONS = (
					"DEBUG=1",
					"$(inherited)",
				);
				GCC_WARN_64_TO_32_BIT_CONVERSION = YES;
				GCC_WARN_ABOUT_RETURN_TYPE = YES_ERROR;
				GCC_WARN_UNDECLARED_SELECTOR = YES;
				GCC_WARN_UNINITIALIZED_AUTOS = YES_AGGRESSIVE;
				GCC_WARN_UNUSED_FUNCTION = YES;
				GCC_WARN_UNUSED_VARIABLE = YES;
				IPHONEOS_DEPLOYMENT_TARGET = 15.2;
				MTL_ENABLE_DEBUG_INFO = INCLUDE_SOURCE;
				MTL_FAST_MATH = YES;
				ONLY_ACTIVE_ARCH = YES;
				SDKROOT = iphoneos;
				SWIFT_ACTIVE_COMPILATION_CONDITIONS = DEBUG;
				SWIFT_OPTIMIZATION_LEVEL = "-Onone";
			};
			name = Debug;
		};
		0813B7DD27703CBC00C3B558 /* Release */ = {
			isa = XCBuildConfiguration;
			buildSettings = {
				ALWAYS_SEARCH_USER_PATHS = NO;
				CLANG_ANALYZER_NONNULL = YES;
				CLANG_ANALYZER_NUMBER_OBJECT_CONVERSION = YES_AGGRESSIVE;
				CLANG_CXX_LANGUAGE_STANDARD = "gnu++17";
				CLANG_CXX_LIBRARY = "libc++";
				CLANG_ENABLE_MODULES = YES;
				CLANG_ENABLE_OBJC_ARC = YES;
				CLANG_ENABLE_OBJC_WEAK = YES;
				CLANG_WARN_BLOCK_CAPTURE_AUTORELEASING = YES;
				CLANG_WARN_BOOL_CONVERSION = YES;
				CLANG_WARN_COMMA = YES;
				CLANG_WARN_CONSTANT_CONVERSION = YES;
				CLANG_WARN_DEPRECATED_OBJC_IMPLEMENTATIONS = YES;
				CLANG_WARN_DIRECT_OBJC_ISA_USAGE = YES_ERROR;
				CLANG_WARN_DOCUMENTATION_COMMENTS = YES;
				CLANG_WARN_EMPTY_BODY = YES;
				CLANG_WARN_ENUM_CONVERSION = YES;
				CLANG_WARN_INFINITE_RECURSION = YES;
				CLANG_WARN_INT_CONVERSION = YES;
				CLANG_WARN_NON_LITERAL_NULL_CONVERSION = YES;
				CLANG_WARN_OBJC_IMPLICIT_RETAIN_SELF = YES;
				CLANG_WARN_OBJC_LITERAL_CONVERSION = YES;
				CLANG_WARN_OBJC_ROOT_CLASS = YES_ERROR;
				CLANG_WARN_QUOTED_INCLUDE_IN_FRAMEWORK_HEADER = YES;
				CLANG_WARN_RANGE_LOOP_ANALYSIS = YES;
				CLANG_WARN_STRICT_PROTOTYPES = YES;
				CLANG_WARN_SUSPICIOUS_MOVE = YES;
				CLANG_WARN_UNGUARDED_AVAILABILITY = YES_AGGRESSIVE;
				CLANG_WARN_UNREACHABLE_CODE = YES;
				CLANG_WARN__DUPLICATE_METHOD_MATCH = YES;
				COPY_PHASE_STRIP = NO;
				DEBUG_INFORMATION_FORMAT = "dwarf-with-dsym";
				ENABLE_NS_ASSERTIONS = NO;
				ENABLE_STRICT_OBJC_MSGSEND = YES;
				GCC_C_LANGUAGE_STANDARD = gnu11;
				GCC_NO_COMMON_BLOCKS = YES;
				GCC_WARN_64_TO_32_BIT_CONVERSION = YES;
				GCC_WARN_ABOUT_RETURN_TYPE = YES_ERROR;
				GCC_WARN_UNDECLARED_SELECTOR = YES;
				GCC_WARN_UNINITIALIZED_AUTOS = YES_AGGRESSIVE;
				GCC_WARN_UNUSED_FUNCTION = YES;
				GCC_WARN_UNUSED_VARIABLE = YES;
				IPHONEOS_DEPLOYMENT_TARGET = 15.2;
				MTL_ENABLE_DEBUG_INFO = NO;
				MTL_FAST_MATH = YES;
				SDKROOT = iphoneos;
				SWIFT_COMPILATION_MODE = wholemodule;
				SWIFT_OPTIMIZATION_LEVEL = "-O";
				VALIDATE_PRODUCT = YES;
			};
			name = Release;
		};
		0813B7DF27703CBC00C3B558 /* Debug */ = {
			isa = XCBuildConfiguration;
			buildSettings = {
				ALWAYS_EMBED_SWIFT_STANDARD_LIBRARIES = YES;
				ASSETCATALOG_COMPILER_APPICON_NAME = AppIcon;
				ASSETCATALOG_COMPILER_GLOBAL_ACCENT_COLOR_NAME = AccentColor;
				CODE_SIGN_STYLE = Automatic;
				CURRENT_PROJECT_VERSION = 1;
				DEVELOPMENT_ASSET_PATHS = "\"Adblock/Preview Content\"";
				DEVELOPMENT_TEAM = 27KKUM8PZ3;
				ENABLE_PREVIEWS = YES;
				GENERATE_INFOPLIST_FILE = YES;
				INFOPLIST_KEY_UIApplicationSceneManifest_Generation = YES;
				INFOPLIST_KEY_UIApplicationSupportsIndirectInputEvents = YES;
				INFOPLIST_KEY_UILaunchScreen_Generation = YES;
				INFOPLIST_KEY_UISupportedInterfaceOrientations_iPad = "UIInterfaceOrientationPortrait UIInterfaceOrientationPortraitUpsideDown UIInterfaceOrientationLandscapeLeft UIInterfaceOrientationLandscapeRight";
				INFOPLIST_KEY_UISupportedInterfaceOrientations_iPhone = "UIInterfaceOrientationPortrait UIInterfaceOrientationLandscapeLeft UIInterfaceOrientationLandscapeRight";
				LD_RUNPATH_SEARCH_PATHS = (
					"$(inherited)",
					"@executable_path/Frameworks",
				);
				MARKETING_VERSION = 1.0;
				PRODUCT_BUNDLE_IDENTIFIER = com.aboodmufti.adblock.Adblock;
				PRODUCT_NAME = "$(TARGET_NAME)";
				SWIFT_EMIT_LOC_STRINGS = YES;
				SWIFT_VERSION = 5.0;
				TARGETED_DEVICE_FAMILY = "1,2";
			};
			name = Debug;
		};
		0813B7E027703CBC00C3B558 /* Release */ = {
			isa = XCBuildConfiguration;
			buildSettings = {
				ALWAYS_EMBED_SWIFT_STANDARD_LIBRARIES = YES;
				ASSETCATALOG_COMPILER_APPICON_NAME = AppIcon;
				ASSETCATALOG_COMPILER_GLOBAL_ACCENT_COLOR_NAME = AccentColor;
				CODE_SIGN_STYLE = Automatic;
				CURRENT_PROJECT_VERSION = 1;
				DEVELOPMENT_ASSET_PATHS = "\"Adblock/Preview Content\"";
				DEVELOPMENT_TEAM = 27KKUM8PZ3;
				ENABLE_PREVIEWS = YES;
				GENERATE_INFOPLIST_FILE = YES;
				INFOPLIST_KEY_UIApplicationSceneManifest_Generation = YES;
				INFOPLIST_KEY_UIApplicationSupportsIndirectInputEvents = YES;
				INFOPLIST_KEY_UILaunchScreen_Generation = YES;
				INFOPLIST_KEY_UISupportedInterfaceOrientations_iPad = "UIInterfaceOrientationPortrait UIInterfaceOrientationPortraitUpsideDown UIInterfaceOrientationLandscapeLeft UIInterfaceOrientationLandscapeRight";
				INFOPLIST_KEY_UISupportedInterfaceOrientations_iPhone = "UIInterfaceOrientationPortrait UIInterfaceOrientationLandscapeLeft UIInterfaceOrientationLandscapeRight";
				LD_RUNPATH_SEARCH_PATHS = (
					"$(inherited)",
					"@executable_path/Frameworks",
				);
				MARKETING_VERSION = 1.0;
				PRODUCT_BUNDLE_IDENTIFIER = com.aboodmufti.adblock.Adblock;
				PRODUCT_NAME = "$(TARGET_NAME)";
				SWIFT_EMIT_LOC_STRINGS = YES;
				SWIFT_VERSION = 5.0;
				TARGETED_DEVICE_FAMILY = "1,2";
			};
			name = Release;
		};
		0813B7F227703D1900C3B558 /* Debug */ = {
			isa = XCBuildConfiguration;
			buildSettings = {
				CODE_SIGN_ENTITLEMENTS = DNSExtension/DNSExtension.entitlements;
				CODE_SIGN_STYLE = Automatic;
				CURRENT_PROJECT_VERSION = 1;
				DEVELOPMENT_TEAM = 27KKUM8PZ3;
				GENERATE_INFOPLIST_FILE = YES;
				INFOPLIST_FILE = DNSExtension/Info.plist;
				INFOPLIST_KEY_CFBundleDisplayName = DNSExtension;
				INFOPLIST_KEY_NSHumanReadableCopyright = "";
				LD_RUNPATH_SEARCH_PATHS = (
					"$(inherited)",
					"@executable_path/Frameworks",
					"@executable_path/../../Frameworks",
				);
				MARKETING_VERSION = 1.0;
				PRODUCT_BUNDLE_IDENTIFIER = com.aboodmufti.adblock.Adblock.DNSExtension;
				PRODUCT_NAME = "$(TARGET_NAME)";
				SKIP_INSTALL = YES;
				SWIFT_EMIT_LOC_STRINGS = YES;
				SWIFT_VERSION = 5.0;
				TARGETED_DEVICE_FAMILY = "1,2";
			};
			name = Debug;
		};
		0813B7F327703D1900C3B558 /* Release */ = {
			isa = XCBuildConfiguration;
			buildSettings = {
				CODE_SIGN_ENTITLEMENTS = DNSExtension/DNSExtension.entitlements;
				CODE_SIGN_STYLE = Automatic;
				CURRENT_PROJECT_VERSION = 1;
				DEVELOPMENT_TEAM = 27KKUM8PZ3;
				GENERATE_INFOPLIST_FILE = YES;
				INFOPLIST_FILE = DNSExtension/Info.plist;
				INFOPLIST_KEY_CFBundleDisplayName = DNSExtension;
				INFOPLIST_KEY_NSHumanReadableCopyright = "";
				LD_RUNPATH_SEARCH_PATHS = (
					"$(inherited)",
					"@executable_path/Frameworks",
					"@executable_path/../../Frameworks",
				);
				MARKETING_VERSION = 1.0;
				PRODUCT_BUNDLE_IDENTIFIER = com.aboodmufti.adblock.Adblock.DNSExtension;
				PRODUCT_NAME = "$(TARGET_NAME)";
				SKIP_INSTALL = YES;
				SWIFT_EMIT_LOC_STRINGS = YES;
				SWIFT_VERSION = 5.0;
				TARGETED_DEVICE_FAMILY = "1,2";
			};
			name = Release;
		};
/* End XCBuildConfiguration section */

/* Begin XCConfigurationList section */
		0813B7CB27703CB900C3B558 /* Build configuration list for PBXProject "Adblock" */ = {
			isa = XCConfigurationList;
			buildConfigurations = (
				0813B7DC27703CBC00C3B558 /* Debug */,
				0813B7DD27703CBC00C3B558 /* Release */,
			);
			defaultConfigurationIsVisible = 0;
			defaultConfigurationName = Release;
		};
		0813B7DE27703CBC00C3B558 /* Build configuration list for PBXNativeTarget "Adblock" */ = {
			isa = XCConfigurationList;
			buildConfigurations = (
				0813B7DF27703CBC00C3B558 /* Debug */,
				0813B7E027703CBC00C3B558 /* Release */,
			);
			defaultConfigurationIsVisible = 0;
			defaultConfigurationName = Release;
		};
		0813B7F127703D1900C3B558 /* Build configuration list for PBXNativeTarget "DNSExtension" */ = {
			isa = XCConfigurationList;
			buildConfigurations = (
				0813B7F227703D1900C3B558 /* Debug */,
				0813B7F327703D1900C3B558 /* Release */,
			);
			defaultConfigurationIsVisible = 0;
			defaultConfigurationName = Release;
		};
/* End XCConfigurationList section */
	};
	rootObject = 0813B7C827703CB900C3B558 /* Project object */;
}
